
Microsoft Visual Studio Solution File, Format Version 12.00
# Visual Studio Version 17
VisualStudioVersion = 17.9.34607.119
MinimumVisualStudioVersion = 10.0.40219.1
Project("{FAE04EC0-301F-11D3-BF4B-00C04F79EFBC}") = "code", "code.csproj", "{09E25CFB-1A88-4E99-A60F-1168EFDED2DF}"
EndProject
Global
	GlobalSection(SolutionConfigurationPlatforms) = preSolution
		Debug|Any CPU = Debug|Any CPU
		Release|Any CPU = Release|Any CPU
	EndGlobalSection
	GlobalSection(ProjectConfigurationPlatforms) = postSolution
		{09E25CFB-1A88-4E99-A60F-1168EFDED2DF}.Debug|Any CPU.ActiveCfg = Debug|Any CPU
		{09E25CFB-1A88-4E99-A60F-1168EFDED2DF}.Debug|Any CPU.Build.0 = Debug|Any CPU
		{09E25CFB-1A88-4E99-A60F-1168EFDED2DF}.Release|Any CPU.ActiveCfg = Release|Any CPU
		{09E25CFB-1A88-4E99-A60F-1168EFDED2DF}.Release|Any CPU.Build.0 = Release|Any CPU
	EndGlobalSection
	GlobalSection(SolutionProperties) = preSolution
		HideSolutionNode = FALSE
	EndGlobalSection
	GlobalSection(ExtensibilityGlobals) = postSolution
		SolutionGuid = {6E1DD57F-4919-4BEE-9ADE-3A063954D48D}
	EndGlobalSection
EndGlobal
